
Microsoft Visual Studio Solution File, Format Version 12.00
# Visual Studio Version 17
VisualStudioVersion = 17.7.34031.279
MinimumVisualStudioVersion = 10.0.40219.1
Project("{FAE04EC0-301F-11D3-BF4B-00C04F79EFBC}") = "ProgrammingTechnologyLab1", "ProgrammingTechnologyLab1.csproj", "{416CFAA7-10D7-4529-A21D-7BEE38420634}"
EndProject
Global
	GlobalSection(SolutionConfigurationPlatforms) = preSolution
		Debug|Any CPU = Debug|Any CPU
		Release|Any CPU = Release|Any CPU
	EndGlobalSection
	GlobalSection(ProjectConfigurationPlatforms) = postSolution
		{416CFAA7-10D7-4529-A21D-7BEE38420634}.Debug|Any CPU.ActiveCfg = Debug|Any CPU
		{416CFAA7-10D7-4529-A21D-7BEE38420634}.Debug|Any CPU.Build.0 = Debug|Any CPU
		{416CFAA7-10D7-4529-A21D-7BEE38420634}.Release|Any CPU.ActiveCfg = Release|Any CPU
		{416CFAA7-10D7-4529-A21D-7BEE38420634}.Release|Any CPU.Build.0 = Release|Any CPU
	EndGlobalSection
	GlobalSection(SolutionProperties) = preSolution
		HideSolutionNode = FALSE
	EndGlobalSection
	GlobalSection(ExtensibilityGlobals) = postSolution
		SolutionGuid = {1A1D351D-47CF-4C66-9E87-834E2F166FC6}
	EndGlobalSection
EndGlobal
